{
  "version": "4",
  "specifiers": {
    "jsr:@dklab/oak-routing-ctrl@0.14": "0.14.0",
    "jsr:@oak/commons@1": "1.0.0",
    "jsr:@oak/oak@^17.1.4": "17.1.4",
    "jsr:@std/assert@1": "1.0.11",
    "jsr:@std/assert@^1.0.10": "1.0.11",
    "jsr:@std/async@^1.0.9": "1.0.9",
    "jsr:@std/bytes@1": "1.0.5",
    "jsr:@std/crypto@1": "1.0.4",
    "jsr:@std/data-structures@^1.0.6": "1.0.6",
    "jsr:@std/encoding@1": "1.0.7",
    "jsr:@std/encoding@^1.0.7": "1.0.7",
    "jsr:@std/fmt@^1.0.5": "1.0.5",
    "jsr:@std/fs@^1.0.11": "1.0.11",
    "jsr:@std/fs@^1.0.9": "1.0.11",
    "jsr:@std/http@1": "1.0.13",
    "jsr:@std/internal@^1.0.5": "1.0.5",
    "jsr:@std/io@~0.225.2": "0.225.2",
    "jsr:@std/log@~0.224.14": "0.224.14",
    "jsr:@std/media-types@1": "1.1.0",
    "jsr:@std/path@1": "1.0.8",
    "jsr:@std/path@^1.0.8": "1.0.8",
    "jsr:@std/testing@^1.0.9": "1.0.9",
    "npm:@asteasolutions/zod-to-openapi@^7.3.0": "7.3.0_zod@3.24.1",
    "npm:@swc/core@^1.10.15": "1.10.16",
    "npm:@swc/core@^1.10.16": "1.10.16",
    "npm:@types/node@*": "22.5.4",
    "npm:clean-css@^5.3.3": "5.3.3",
    "npm:esbuild@0.25": "0.25.0",
    "npm:htm@^3.1.1": "3.1.1",
    "npm:path-to-regexp@^6.3.0": "6.3.0",
    "npm:preact-iso@^2.9.0": "2.9.0_preact@10.25.4_preact-render-to-string@6.5.13__preact@10.25.4",
    "npm:preact-render-to-string@^6.5.13": "6.5.13_preact@10.25.4",
    "npm:preact@10.25.4": "10.25.4",
    "npm:uglify-js@^3.19.3": "3.19.3",
    "npm:zod@^3.24.1": "3.24.1"
  },
  "jsr": {
    "@dklab/oak-routing-ctrl@0.14.0": {
      "integrity": "fc7de3b72abbb362705e6da7ac99690592ef432a58d04181bbcf705901dcc7be",
      "dependencies": [
        "jsr:@oak/oak",
        "jsr:@std/path@^1.0.8",
        "npm:@asteasolutions/zod-to-openapi",
        "npm:zod"
      ]
    },
    "@oak/commons@1.0.0": {
      "integrity": "49805b55603c3627a9d6235c0655aa2b6222d3036b3a13ff0380c16368f607ac",
      "dependencies": [
        "jsr:@std/assert@1",
        "jsr:@std/bytes",
        "jsr:@std/crypto",
        "jsr:@std/encoding@1",
        "jsr:@std/http",
        "jsr:@std/media-types"
      ]
    },
    "@oak/oak@17.1.4": {
      "integrity": "60530b582bf276ff741e39cc664026781aa08dd5f2bc5134d756cc427bf2c13e",
      "dependencies": [
        "jsr:@oak/commons",
        "jsr:@std/assert@1",
        "jsr:@std/bytes",
        "jsr:@std/http",
        "jsr:@std/media-types",
        "jsr:@std/path@1",
        "npm:path-to-regexp"
      ]
    },
    "@std/assert@1.0.11": {
      "integrity": "2461ef3c368fe88bc60e186e7744a93112f16fd110022e113a0849e94d1c83c1",
      "dependencies": [
        "jsr:@std/internal"
      ]
    },
    "@std/async@1.0.9": {
      "integrity": "c6472fd0623b3f3daae023cdf7ca5535e1b721dfbf376562c0c12b3fb4867f91"
    },
    "@std/bytes@1.0.5": {
      "integrity": "4465dd739d7963d964c809202ebea6d5c6b8e3829ef25c6a224290fbb8a1021e"
    },
    "@std/crypto@1.0.4": {
      "integrity": "cee245c453bd5366207f4d8aa25ea3e9c86cecad2be3fefcaa6cb17203d79340"
    },
    "@std/data-structures@1.0.6": {
      "integrity": "76a7fd8080c66604c0496220a791860492ab21a04a63a969c0b9a0609bbbb760"
    },
    "@std/encoding@1.0.7": {
      "integrity": "f631247c1698fef289f2de9e2a33d571e46133b38d042905e3eac3715030a82d"
    },
    "@std/fmt@1.0.5": {
      "integrity": "0cfab43364bc36650d83c425cd6d99910fc20c4576631149f0f987eddede1a4d"
    },
    "@std/fs@1.0.11": {
      "integrity": "ba674672693340c5ebdd018b4fe1af46cb08741f42b4c538154e97d217b55bdd",
      "dependencies": [
        "jsr:@std/path@^1.0.8"
      ]
    },
    "@std/http@1.0.13": {
      "integrity": "d29618b982f7ae44380111f7e5b43da59b15db64101198bb5f77100d44eb1e1e",
      "dependencies": [
        "jsr:@std/encoding@^1.0.7"
      ]
    },
    "@std/internal@1.0.5": {
      "integrity": "54a546004f769c1ac9e025abd15a76b6671ddc9687e2313b67376125650dc7ba"
    },
    "@std/io@0.225.2": {
      "integrity": "3c740cd4ee4c082e6cfc86458f47e2ab7cb353dc6234d5e9b1f91a2de5f4d6c7"
    },
    "@std/log@0.224.14": {
      "integrity": "257f7adceee3b53bb2bc86c7242e7d1bc59729e57d4981c4a7e5b876c808f05e",
      "dependencies": [
        "jsr:@std/fmt",
        "jsr:@std/fs@^1.0.11",
        "jsr:@std/io"
      ]
    },
    "@std/media-types@1.1.0": {
      "integrity": "c9d093f0c05c3512932b330e3cc1fe1d627b301db33a4c2c2185c02471d6eaa4"
    },
    "@std/path@1.0.8": {
      "integrity": "548fa456bb6a04d3c1a1e7477986b6cffbce95102d0bb447c67c4ee70e0364be"
    },
    "@std/testing@1.0.9": {
      "integrity": "9bdd4ac07cb13e7594ac30e90f6ceef7254ac83a9aeaa089be0008f33aab5cd4",
      "dependencies": [
        "jsr:@std/assert@^1.0.10",
        "jsr:@std/async",
        "jsr:@std/data-structures",
        "jsr:@std/fs@^1.0.9",
        "jsr:@std/internal",
        "jsr:@std/path@^1.0.8"
      ]
    }
  },
  "npm": {
    "@asteasolutions/zod-to-openapi@7.3.0_zod@3.24.1": {
      "integrity": "sha512-7tE/r1gXwMIvGnXVUdIqUhCU1RevEFC4Jk6Bussa0fk1ecbnnINkZzj1EOAJyE/M3AI25DnHT/zKQL1/FPFi8Q==",
      "dependencies": [
        "openapi3-ts",
        "zod"
      ]
    },
    "@esbuild/aix-ppc64@0.25.0": {
      "integrity": "sha512-O7vun9Sf8DFjH2UtqK8Ku3LkquL9SZL8OLY1T5NZkA34+wG3OQF7cl4Ql8vdNzM6fzBbYfLaiRLIOZ+2FOCgBQ=="
    },
    "@esbuild/android-arm64@0.25.0": {
      "integrity": "sha512-grvv8WncGjDSyUBjN9yHXNt+cq0snxXbDxy5pJtzMKGmmpPxeAmAhWxXI+01lU5rwZomDgD3kJwulEnhTRUd6g=="
    },
    "@esbuild/android-arm@0.25.0": {
      "integrity": "sha512-PTyWCYYiU0+1eJKmw21lWtC+d08JDZPQ5g+kFyxP0V+es6VPPSUhM6zk8iImp2jbV6GwjX4pap0JFbUQN65X1g=="
    },
    "@esbuild/android-x64@0.25.0": {
      "integrity": "sha512-m/ix7SfKG5buCnxasr52+LI78SQ+wgdENi9CqyCXwjVR2X4Jkz+BpC3le3AoBPYTC9NHklwngVXvbJ9/Akhrfg=="
    },
    "@esbuild/darwin-arm64@0.25.0": {
      "integrity": "sha512-mVwdUb5SRkPayVadIOI78K7aAnPamoeFR2bT5nszFUZ9P8UpK4ratOdYbZZXYSqPKMHfS1wdHCJk1P1EZpRdvw=="
    },
    "@esbuild/darwin-x64@0.25.0": {
      "integrity": "sha512-DgDaYsPWFTS4S3nWpFcMn/33ZZwAAeAFKNHNa1QN0rI4pUjgqf0f7ONmXf6d22tqTY+H9FNdgeaAa+YIFUn2Rg=="
    },
    "@esbuild/freebsd-arm64@0.25.0": {
      "integrity": "sha512-VN4ocxy6dxefN1MepBx/iD1dH5K8qNtNe227I0mnTRjry8tj5MRk4zprLEdG8WPyAPb93/e4pSgi1SoHdgOa4w=="
    },
    "@esbuild/freebsd-x64@0.25.0": {
      "integrity": "sha512-mrSgt7lCh07FY+hDD1TxiTyIHyttn6vnjesnPoVDNmDfOmggTLXRv8Id5fNZey1gl/V2dyVK1VXXqVsQIiAk+A=="
    },
    "@esbuild/linux-arm64@0.25.0": {
      "integrity": "sha512-9QAQjTWNDM/Vk2bgBl17yWuZxZNQIF0OUUuPZRKoDtqF2k4EtYbpyiG5/Dk7nqeK6kIJWPYldkOcBqjXjrUlmg=="
    },
    "@esbuild/linux-arm@0.25.0": {
      "integrity": "sha512-vkB3IYj2IDo3g9xX7HqhPYxVkNQe8qTK55fraQyTzTX/fxaDtXiEnavv9geOsonh2Fd2RMB+i5cbhu2zMNWJwg=="
    },
    "@esbuild/linux-ia32@0.25.0": {
      "integrity": "sha512-43ET5bHbphBegyeqLb7I1eYn2P/JYGNmzzdidq/w0T8E2SsYL1U6un2NFROFRg1JZLTzdCoRomg8Rvf9M6W6Gg=="
    },
    "@esbuild/linux-loong64@0.25.0": {
      "integrity": "sha512-fC95c/xyNFueMhClxJmeRIj2yrSMdDfmqJnyOY4ZqsALkDrrKJfIg5NTMSzVBr5YW1jf+l7/cndBfP3MSDpoHw=="
    },
    "@esbuild/linux-mips64el@0.25.0": {
      "integrity": "sha512-nkAMFju7KDW73T1DdH7glcyIptm95a7Le8irTQNO/qtkoyypZAnjchQgooFUDQhNAy4iu08N79W4T4pMBwhPwQ=="
    },
    "@esbuild/linux-ppc64@0.25.0": {
      "integrity": "sha512-NhyOejdhRGS8Iwv+KKR2zTq2PpysF9XqY+Zk77vQHqNbo/PwZCzB5/h7VGuREZm1fixhs4Q/qWRSi5zmAiO4Fw=="
    },
    "@esbuild/linux-riscv64@0.25.0": {
      "integrity": "sha512-5S/rbP5OY+GHLC5qXp1y/Mx//e92L1YDqkiBbO9TQOvuFXM+iDqUNG5XopAnXoRH3FjIUDkeGcY1cgNvnXp/kA=="
    },
    "@esbuild/linux-s390x@0.25.0": {
      "integrity": "sha512-XM2BFsEBz0Fw37V0zU4CXfcfuACMrppsMFKdYY2WuTS3yi8O1nFOhil/xhKTmE1nPmVyvQJjJivgDT+xh8pXJA=="
    },
    "@esbuild/linux-x64@0.25.0": {
      "integrity": "sha512-9yl91rHw/cpwMCNytUDxwj2XjFpxML0y9HAOH9pNVQDpQrBxHy01Dx+vaMu0N1CKa/RzBD2hB4u//nfc+Sd3Cw=="
    },
    "@esbuild/netbsd-arm64@0.25.0": {
      "integrity": "sha512-RuG4PSMPFfrkH6UwCAqBzauBWTygTvb1nxWasEJooGSJ/NwRw7b2HOwyRTQIU97Hq37l3npXoZGYMy3b3xYvPw=="
    },
    "@esbuild/netbsd-x64@0.25.0": {
      "integrity": "sha512-jl+qisSB5jk01N5f7sPCsBENCOlPiS/xptD5yxOx2oqQfyourJwIKLRA2yqWdifj3owQZCL2sn6o08dBzZGQzA=="
    },
    "@esbuild/openbsd-arm64@0.25.0": {
      "integrity": "sha512-21sUNbq2r84YE+SJDfaQRvdgznTD8Xc0oc3p3iW/a1EVWeNj/SdUCbm5U0itZPQYRuRTW20fPMWMpcrciH2EJw=="
    },
    "@esbuild/openbsd-x64@0.25.0": {
      "integrity": "sha512-2gwwriSMPcCFRlPlKx3zLQhfN/2WjJ2NSlg5TKLQOJdV0mSxIcYNTMhk3H3ulL/cak+Xj0lY1Ym9ysDV1igceg=="
    },
    "@esbuild/sunos-x64@0.25.0": {
      "integrity": "sha512-bxI7ThgLzPrPz484/S9jLlvUAHYMzy6I0XiU1ZMeAEOBcS0VePBFxh1JjTQt3Xiat5b6Oh4x7UC7IwKQKIJRIg=="
    },
    "@esbuild/win32-arm64@0.25.0": {
      "integrity": "sha512-ZUAc2YK6JW89xTbXvftxdnYy3m4iHIkDtK3CLce8wg8M2L+YZhIvO1DKpxrd0Yr59AeNNkTiic9YLf6FTtXWMw=="
    },
    "@esbuild/win32-ia32@0.25.0": {
      "integrity": "sha512-eSNxISBu8XweVEWG31/JzjkIGbGIJN/TrRoiSVZwZ6pkC6VX4Im/WV2cz559/TXLcYbcrDN8JtKgd9DJVIo8GA=="
    },
    "@esbuild/win32-x64@0.25.0": {
      "integrity": "sha512-ZENoHJBxA20C2zFzh6AI4fT6RraMzjYw4xKWemRTRmRVtN9c5DcH9r/f2ihEkMjOW5eGgrwCslG/+Y/3bL+DHQ=="
    },
    "@swc/core-darwin-arm64@1.10.16": {
      "integrity": "sha512-iikIxwqCQ4Bvz79vJ4ELh26efPf1u5D9TFdmXSJUBs7C3mmMHvk5zyWD9A9cTowXiW6WHs2gE58U1R9HOTTIcg=="
    },
    "@swc/core-darwin-x64@1.10.16": {
      "integrity": "sha512-R2Eb9aktWd62vPfW9H/c/OaQ0e94iURibBo4uzUUcgxNNmB4+wb6piKbHxGdr/5bEsT+vJ1lwZFSRzfb45E7DA=="
    },
    "@swc/core-linux-arm-gnueabihf@1.10.16": {
      "integrity": "sha512-mkqN3HBAMnuiSGZ/k2utScuH8rAPshvNj0T1LjBWon+X9DkMNHSA+aMLdWsy0yZKF1zjOPc4L3Uq2l2wzhUlzA=="
    },
    "@swc/core-linux-arm64-gnu@1.10.16": {
      "integrity": "sha512-PH/+q/L5nVZJ91CU07CL6Q9Whs6iR6nneMZMAgtVF9Ix8ST0cWVItdUhs6D38kFklCFhaOrpHhS01HlMJ72vWw=="
    },
    "@swc/core-linux-arm64-musl@1.10.16": {
      "integrity": "sha512-1169+C9XbydKKc6Ec1XZxTGKtHjZHDIFn0r+Nqp/QSVwkORrOY1Vz2Hdu7tn/lWMg36ZkGePS+LnnyV67s/7yg=="
    },
    "@swc/core-linux-x64-gnu@1.10.16": {
      "integrity": "sha512-n2rV0XwkjoHn4MDJmpYp5RBrnyi94/6GsJVpbn6f+/eqSrZn3mh3dT7pdZc9zCN1Qp9eDHo+uI6e/wgvbL22uA=="
    },
    "@swc/core-linux-x64-musl@1.10.16": {
      "integrity": "sha512-EevCpwreBrkPrJjQVIbiM81lK42ukNNSlBmrSRxxbx2V9VGmOd5qxX0cJBn0TRRSLIPi62BuMS76F9iYjqsjgg=="
    },
    "@swc/core-win32-arm64-msvc@1.10.16": {
      "integrity": "sha512-BvE7RWAnKJeELVQWLok6env5I4GUVBTZSvaSN/VPgxnTjF+4PsTeQptYx0xCYhp5QCv68wWYsBnZKuPDS+SBsw=="
    },
    "@swc/core-win32-ia32-msvc@1.10.16": {
      "integrity": "sha512-7Jf/7AeCgbLR/JsQgMJuacHIq4Jeie3knf6+mXxn8aCvRypsOTIEu0eh7j24SolOboxK1ijqJ86GyN1VA2Rebg=="
    },
    "@swc/core-win32-x64-msvc@1.10.16": {
      "integrity": "sha512-p0blVm0R8bjaTtmW+FoPmLxLSQdRNbqhuWcR/8g80OzMSkka9mk5/J3kn/5JRVWh+MaR9LHRHZc1Q1L8zan13g=="
    },
    "@swc/core@1.10.16": {
      "integrity": "sha512-nOINg/OUcZazCW7B55QV2/UB8QAqz9FYe4+z229+4RYboBTZ102K7ebOEjY5sKn59JgAkhjZTz+5BKmXpDFopw==",
      "dependencies": [
        "@swc/core-darwin-arm64",
        "@swc/core-darwin-x64",
        "@swc/core-linux-arm-gnueabihf",
        "@swc/core-linux-arm64-gnu",
        "@swc/core-linux-arm64-musl",
        "@swc/core-linux-x64-gnu",
        "@swc/core-linux-x64-musl",
        "@swc/core-win32-arm64-msvc",
        "@swc/core-win32-ia32-msvc",
        "@swc/core-win32-x64-msvc",
        "@swc/counter",
        "@swc/types"
      ]
    },
    "@swc/counter@0.1.3": {
      "integrity": "sha512-e2BR4lsJkkRlKZ/qCHPw9ZaSxc0MVUd7gtbtaB7aMvHeJVYe8sOB8DBZkP2DtISHGSku9sCK6T6cnY0CtXrOCQ=="
    },
    "@swc/types@0.1.17": {
      "integrity": "sha512-V5gRru+aD8YVyCOMAjMpWR1Ui577DD5KSJsHP8RAxopAH22jFz6GZd/qxqjO6MJHQhcsjvjOFXyDhyLQUnMveQ==",
      "dependencies": [
        "@swc/counter"
      ]
    },
    "@types/node@22.5.4": {
      "integrity": "sha512-FDuKUJQm/ju9fT/SeX/6+gBzoPzlVCzfzmGkwKvRHQVxi4BntVbyIwf6a4Xn62mrvndLiml6z/UBXIdEVjQLXg==",
      "dependencies": [
        "undici-types"
      ]
    },
    "clean-css@5.3.3": {
      "integrity": "sha512-D5J+kHaVb/wKSFcyyV75uCn8fiY4sV38XJoe4CUyGQ+mOU/fMVYUdH1hJC+CJQ5uY3EnW27SbJYS4X8BiLrAFg==",
      "dependencies": [
        "source-map"
      ]
    },
    "esbuild@0.25.0": {
      "integrity": "sha512-BXq5mqc8ltbaN34cDqWuYKyNhX8D/Z0J1xdtdQ8UcIIIyJyz+ZMKUt58tF3SrZ85jcfN/PZYhjR5uDQAYNVbuw==",
      "dependencies": [
        "@esbuild/aix-ppc64",
        "@esbuild/android-arm",
        "@esbuild/android-arm64",
        "@esbuild/android-x64",
        "@esbuild/darwin-arm64",
        "@esbuild/darwin-x64",
        "@esbuild/freebsd-arm64",
        "@esbuild/freebsd-x64",
        "@esbuild/linux-arm",
        "@esbuild/linux-arm64",
        "@esbuild/linux-ia32",
        "@esbuild/linux-loong64",
        "@esbuild/linux-mips64el",
        "@esbuild/linux-ppc64",
        "@esbuild/linux-riscv64",
        "@esbuild/linux-s390x",
        "@esbuild/linux-x64",
        "@esbuild/netbsd-arm64",
        "@esbuild/netbsd-x64",
        "@esbuild/openbsd-arm64",
        "@esbuild/openbsd-x64",
        "@esbuild/sunos-x64",
        "@esbuild/win32-arm64",
        "@esbuild/win32-ia32",
        "@esbuild/win32-x64"
      ]
    },
    "htm@3.1.1": {
      "integrity": "sha512-983Vyg8NwUE7JkZ6NmOqpCZ+sh1bKv2iYTlUkzlWmA5JD2acKoxd4KVxbMmxX/85mtfdnDmTFoNKcg5DGAvxNQ=="
    },
    "openapi3-ts@4.4.0": {
      "integrity": "sha512-9asTNB9IkKEzWMcHmVZE7Ts3kC9G7AFHfs8i7caD8HbI76gEjdkId4z/AkP83xdZsH7PLAnnbl47qZkXuxpArw==",
      "dependencies": [
        "yaml"
      ]
    },
    "path-to-regexp@6.3.0": {
      "integrity": "sha512-Yhpw4T9C6hPpgPeA28us07OJeqZ5EzQTkbfwuhsUg0c237RomFoETJgmp2sa3F/41gfLE6G5cqcYwznmeEeOlQ=="
    },
    "preact-iso@2.9.0_preact@10.25.4_preact-render-to-string@6.5.13__preact@10.25.4": {
      "integrity": "sha512-pJ3j4Aeqoe5MTGM96wB5JXaHbW3HB9PF5WxYJb//+pySc3hP1FoDIKwxi2OlLZtMW59gG8LvPwE8lUo1Ndk9ZA==",
      "dependencies": [
        "preact",
        "preact-render-to-string"
      ]
    },
    "preact-render-to-string@6.5.13_preact@10.25.4": {
      "integrity": "sha512-iGPd+hKPMFKsfpR2vL4kJ6ZPcFIoWZEcBf0Dpm3zOpdVvj77aY8RlLiQji5OMrngEyaxGogeakTb54uS2FvA6w==",
      "dependencies": [
        "preact"
      ]
    },
    "preact@10.25.4": {
      "integrity": "sha512-jLdZDb+Q+odkHJ+MpW/9U5cODzqnB+fy2EiHSZES7ldV5LK7yjlVzTp7R8Xy6W6y75kfK8iWYtFVH7lvjwrCMA=="
    },
    "source-map@0.6.1": {
      "integrity": "sha512-UjgapumWlbMhkBgzT7Ykc5YXUT46F0iKu8SGXq0bcwP5dz/h0Plj6enJqjz1Zbq2l5WaqYnrVbwWOWMyF3F47g=="
    },
    "uglify-js@3.19.3": {
      "integrity": "sha512-v3Xu+yuwBXisp6QYTcH4UbH+xYJXqnq2m/LtQVWKWzYc1iehYnLixoQDN9FH6/j9/oybfd6W9Ghwkl8+UMKTKQ=="
    },
    "undici-types@6.19.8": {
      "integrity": "sha512-ve2KP6f/JnbPBFyobGHuerC9g1FYGn/F8n1LWTwNxCEzd6IfqTwUQcNXgEtmmQ6DlRrC1hrSrBnCZPokRrDHjw=="
    },
    "yaml@2.7.0": {
      "integrity": "sha512-+hSoy/QHluxmC9kCIJyL/uyFmLmc+e5CFR5Wa+bpIhIj85LVb9ZH2nVnqrHoSvKogwODv0ClqZkmiSSaIH5LTA=="
    },
    "zod@3.24.1": {
      "integrity": "sha512-muH7gBL9sI1nciMZV67X5fTKKBLtwpZ5VBp1vsOQzj1MhrBZ4wlVCm3gedKZWLp0Oyel8sIGfeiz54Su+OVT+A=="
    }
  },
  "workspace": {
    "dependencies": [
      "jsr:@dklab/oak-routing-ctrl@0.14",
      "jsr:@oak/oak@^17.1.4",
      "jsr:@std/log@~0.224.14",
      "jsr:@std/path@^1.0.8",
      "jsr:@std/testing@^1.0.9",
      "npm:@swc/core@^1.10.16",
      "npm:clean-css@^5.3.3",
      "npm:esbuild@0.25",
      "npm:htm@^3.1.1",
      "npm:preact-iso@^2.9.0",
      "npm:preact-render-to-string@^6.5.13",
      "npm:preact@10.25.4",
      "npm:uglify-js@^3.19.3"
    ]
  }
}
