{
  "version": "5",
  "specifiers": {
    "jsr:@dklab/oak-routing-ctrl@0.16": "0.16.0",
    "jsr:@oak/commons@1": "1.0.1",
    "jsr:@oak/oak@^17.2.0": "17.2.0",
    "jsr:@std/assert@1": "1.0.16",
    "jsr:@std/assert@^1.0.15": "1.0.16",
    "jsr:@std/assert@^1.0.16": "1.0.16",
    "jsr:@std/async@^1.0.15": "1.0.15",
    "jsr:@std/bytes@1": "1.0.6",
    "jsr:@std/crypto@1": "1.0.5",
    "jsr:@std/data-structures@^1.0.9": "1.0.9",
    "jsr:@std/encoding@1": "1.0.10",
    "jsr:@std/encoding@^1.0.10": "1.0.10",
    "jsr:@std/fmt@^1.0.5": "1.0.8",
    "jsr:@std/fs@^1.0.11": "1.0.20",
    "jsr:@std/fs@^1.0.19": "1.0.20",
    "jsr:@std/http@1": "1.0.22",
    "jsr:@std/internal@^1.0.12": "1.0.12",
    "jsr:@std/io@~0.225.2": "0.225.2",
    "jsr:@std/log@~0.224.14": "0.224.14",
    "jsr:@std/media-types@1": "1.1.0",
    "jsr:@std/path@1": "1.1.3",
    "jsr:@std/path@^1.1.2": "1.1.3",
    "jsr:@std/path@^1.1.3": "1.1.3",
    "jsr:@std/testing@^1.0.16": "1.0.16",
    "npm:@asteasolutions/zod-to-openapi@^8.1.0": "8.1.0_zod@4.1.13",
    "npm:@swc/core@^1.15.3": "1.15.3",
    "npm:@types/node@*": "22.15.15",
    "npm:clean-css@^5.3.3": "5.3.3",
    "npm:htm@^3.1.1": "3.1.1",
    "npm:path-to-regexp@^6.3.0": "6.3.0",
    "npm:preact-iso@^2.9.1": "2.9.1_preact@10.26.5_preact-render-to-string@6.5.13__preact@10.26.5",
    "npm:preact-render-to-string@^6.5.13": "6.5.13_preact@10.26.5",
    "npm:preact@10.26.5": "10.26.5",
    "npm:sass-embedded@^1.93.3": "1.93.3",
    "npm:typescript@^5.8.3": "5.8.3",
    "npm:uglify-js@^3.19.3": "3.19.3",
    "npm:zod@^4.1.13": "4.1.13"
  },
  "jsr": {
    "@dklab/oak-routing-ctrl@0.16.0": {
      "integrity": "8c25d66fe139fc03d4c7367e12cfcd93c35f6ced84a2ab8d6a7006ea30b7298d",
      "dependencies": [
        "jsr:@oak/oak",
        "jsr:@std/path@^1.1.3",
        "npm:@asteasolutions/zod-to-openapi",
        "npm:zod"
      ]
    },
    "@oak/commons@1.0.1": {
      "integrity": "889ff210f0b4292591721be07244ecb1b5c118742f5273c70cf30d7cd4184d0c",
      "dependencies": [
        "jsr:@std/assert@1",
        "jsr:@std/bytes",
        "jsr:@std/crypto",
        "jsr:@std/encoding@1",
        "jsr:@std/http",
        "jsr:@std/media-types"
      ]
    },
    "@oak/oak@17.2.0": {
      "integrity": "938537a92fc7922a46a9984696c65fb189c9baad164416ac3e336768a9ff0cd1",
      "dependencies": [
        "jsr:@oak/commons",
        "jsr:@std/assert@1",
        "jsr:@std/bytes",
        "jsr:@std/http",
        "jsr:@std/media-types",
        "jsr:@std/path@1",
        "npm:path-to-regexp"
      ]
    },
    "@std/assert@1.0.16": {
      "integrity": "6a7272ed1eaa77defe76e5ff63ca705d9c495077e2d5fd0126d2b53fc5bd6532",
      "dependencies": [
        "jsr:@std/internal"
      ]
    },
    "@std/async@1.0.15": {
      "integrity": "55d1d9d04f99403fe5730ab16bdcc3c47f658a6bf054cafb38a50f046238116e"
    },
    "@std/bytes@1.0.6": {
      "integrity": "f6ac6adbd8ccd99314045f5703e23af0a68d7f7e58364b47d2c7f408aeb5820a"
    },
    "@std/crypto@1.0.5": {
      "integrity": "0dcfbb319fe0bba1bd3af904ceb4f948cde1b92979ec1614528380ed308a3b40"
    },
    "@std/data-structures@1.0.9": {
      "integrity": "033d6e17e64bf1f84a614e647c1b015fa2576ae3312305821e1a4cb20674bb4d"
    },
    "@std/encoding@1.0.10": {
      "integrity": "8783c6384a2d13abd5e9e87a7ae0520a30e9f56aeeaa3bdf910a3eaaf5c811a1"
    },
    "@std/fmt@1.0.8": {
      "integrity": "71e1fc498787e4434d213647a6e43e794af4fd393ef8f52062246e06f7e372b7"
    },
    "@std/fs@1.0.20": {
      "integrity": "e953206aae48d46ee65e8783ded459f23bec7dd1f3879512911c35e5484ea187",
      "dependencies": [
        "jsr:@std/path@^1.1.3"
      ]
    },
    "@std/http@1.0.22": {
      "integrity": "53f0bb70e23a2eec3e17c4240a85bb23d185b2e20635adb37ce0f03cc4ca012a",
      "dependencies": [
        "jsr:@std/encoding@^1.0.10"
      ]
    },
    "@std/internal@1.0.12": {
      "integrity": "972a634fd5bc34b242024402972cd5143eac68d8dffaca5eaa4dba30ce17b027"
    },
    "@std/io@0.225.2": {
      "integrity": "3c740cd4ee4c082e6cfc86458f47e2ab7cb353dc6234d5e9b1f91a2de5f4d6c7"
    },
    "@std/log@0.224.14": {
      "integrity": "257f7adceee3b53bb2bc86c7242e7d1bc59729e57d4981c4a7e5b876c808f05e",
      "dependencies": [
        "jsr:@std/fmt",
        "jsr:@std/fs@^1.0.11",
        "jsr:@std/io"
      ]
    },
    "@std/media-types@1.1.0": {
      "integrity": "c9d093f0c05c3512932b330e3cc1fe1d627b301db33a4c2c2185c02471d6eaa4"
    },
    "@std/path@1.1.3": {
      "integrity": "b015962d82a5e6daea980c32b82d2c40142149639968549c649031a230b1afb3",
      "dependencies": [
        "jsr:@std/internal"
      ]
    },
    "@std/testing@1.0.16": {
      "integrity": "a917ffdeb5924c9be436dc78bc32e511760e14d3a96e49c607fc5ecca86d0092",
      "dependencies": [
        "jsr:@std/assert@^1.0.15",
        "jsr:@std/async",
        "jsr:@std/data-structures",
        "jsr:@std/fs@^1.0.19",
        "jsr:@std/internal",
        "jsr:@std/path@^1.1.2"
      ]
    }
  },
  "npm": {
    "@asteasolutions/zod-to-openapi@8.1.0_zod@4.1.13": {
      "integrity": "sha512-tQFxVs05J/6QXXqIzj6rTRk3nj1HFs4pe+uThwE95jL5II2JfpVXkK+CqkO7aT0Do5AYqO6LDrKpleLUFXgY+g==",
      "dependencies": [
        "openapi3-ts",
        "zod"
      ]
    },
    "@bufbuild/protobuf@2.10.1": {
      "integrity": "sha512-ckS3+vyJb5qGpEYv/s1OebUHDi/xSNtfgw1wqKZo7MR9F2z+qXr0q5XagafAG/9O0QPVIUfST0smluYSTpYFkg=="
    },
    "@parcel/watcher-android-arm64@2.5.1": {
      "integrity": "sha512-KF8+j9nNbUN8vzOFDpRMsaKBHZ/mcjEjMToVMJOhTozkDonQFFrRcfdLWn6yWKCmJKmdVxSgHiYvTCef4/qcBA==",
      "os": ["android"],
      "cpu": ["arm64"]
    },
    "@parcel/watcher-darwin-arm64@2.5.1": {
      "integrity": "sha512-eAzPv5osDmZyBhou8PoF4i6RQXAfeKL9tjb3QzYuccXFMQU0ruIc/POh30ePnaOyD1UXdlKguHBmsTs53tVoPw==",
      "os": ["darwin"],
      "cpu": ["arm64"]
    },
    "@parcel/watcher-darwin-x64@2.5.1": {
      "integrity": "sha512-1ZXDthrnNmwv10A0/3AJNZ9JGlzrF82i3gNQcWOzd7nJ8aj+ILyW1MTxVk35Db0u91oD5Nlk9MBiujMlwmeXZg==",
      "os": ["darwin"],
      "cpu": ["x64"]
    },
    "@parcel/watcher-freebsd-x64@2.5.1": {
      "integrity": "sha512-SI4eljM7Flp9yPuKi8W0ird8TI/JK6CSxju3NojVI6BjHsTyK7zxA9urjVjEKJ5MBYC+bLmMcbAWlZ+rFkLpJQ==",
      "os": ["freebsd"],
      "cpu": ["x64"]
    },
    "@parcel/watcher-linux-arm-glibc@2.5.1": {
      "integrity": "sha512-RCdZlEyTs8geyBkkcnPWvtXLY44BCeZKmGYRtSgtwwnHR4dxfHRG3gR99XdMEdQ7KeiDdasJwwvNSF5jKtDwdA==",
      "os": ["linux"],
      "cpu": ["arm"]
    },
    "@parcel/watcher-linux-arm-musl@2.5.1": {
      "integrity": "sha512-6E+m/Mm1t1yhB8X412stiKFG3XykmgdIOqhjWj+VL8oHkKABfu/gjFj8DvLrYVHSBNC+/u5PeNrujiSQ1zwd1Q==",
      "os": ["linux"],
      "cpu": ["arm"]
    },
    "@parcel/watcher-linux-arm64-glibc@2.5.1": {
      "integrity": "sha512-LrGp+f02yU3BN9A+DGuY3v3bmnFUggAITBGriZHUREfNEzZh/GO06FF5u2kx8x+GBEUYfyTGamol4j3m9ANe8w==",
      "os": ["linux"],
      "cpu": ["arm64"]
    },
    "@parcel/watcher-linux-arm64-musl@2.5.1": {
      "integrity": "sha512-cFOjABi92pMYRXS7AcQv9/M1YuKRw8SZniCDw0ssQb/noPkRzA+HBDkwmyOJYp5wXcsTrhxO0zq1U11cK9jsFg==",
      "os": ["linux"],
      "cpu": ["arm64"]
    },
    "@parcel/watcher-linux-x64-glibc@2.5.1": {
      "integrity": "sha512-GcESn8NZySmfwlTsIur+49yDqSny2IhPeZfXunQi48DMugKeZ7uy1FX83pO0X22sHntJ4Ub+9k34XQCX+oHt2A==",
      "os": ["linux"],
      "cpu": ["x64"]
    },
    "@parcel/watcher-linux-x64-musl@2.5.1": {
      "integrity": "sha512-n0E2EQbatQ3bXhcH2D1XIAANAcTZkQICBPVaxMeaCVBtOpBZpWJuf7LwyWPSBDITb7In8mqQgJ7gH8CILCURXg==",
      "os": ["linux"],
      "cpu": ["x64"]
    },
    "@parcel/watcher-win32-arm64@2.5.1": {
      "integrity": "sha512-RFzklRvmc3PkjKjry3hLF9wD7ppR4AKcWNzH7kXR7GUe0Igb3Nz8fyPwtZCSquGrhU5HhUNDr/mKBqj7tqA2Vw==",
      "os": ["win32"],
      "cpu": ["arm64"]
    },
    "@parcel/watcher-win32-ia32@2.5.1": {
      "integrity": "sha512-c2KkcVN+NJmuA7CGlaGD1qJh1cLfDnQsHjE89E60vUEMlqduHGCdCLJCID5geFVM0dOtA3ZiIO8BoEQmzQVfpQ==",
      "os": ["win32"],
      "cpu": ["ia32"]
    },
    "@parcel/watcher-win32-x64@2.5.1": {
      "integrity": "sha512-9lHBdJITeNR++EvSQVUcaZoWupyHfXe1jZvGZ06O/5MflPcuPLtEphScIBL+AiCWBO46tDSHzWyD0uDmmZqsgA==",
      "os": ["win32"],
      "cpu": ["x64"]
    },
    "@parcel/watcher@2.5.1": {
      "integrity": "sha512-dfUnCxiN9H4ap84DvD2ubjw+3vUNpstxa0TneY/Paat8a3R4uQZDLSvWjmznAY/DoahqTHl9V46HF/Zs3F29pg==",
      "dependencies": [
        "detect-libc",
        "is-glob",
        "micromatch",
        "node-addon-api"
      ],
      "optionalDependencies": [
        "@parcel/watcher-android-arm64",
        "@parcel/watcher-darwin-arm64",
        "@parcel/watcher-darwin-x64",
        "@parcel/watcher-freebsd-x64",
        "@parcel/watcher-linux-arm-glibc",
        "@parcel/watcher-linux-arm-musl",
        "@parcel/watcher-linux-arm64-glibc",
        "@parcel/watcher-linux-arm64-musl",
        "@parcel/watcher-linux-x64-glibc",
        "@parcel/watcher-linux-x64-musl",
        "@parcel/watcher-win32-arm64",
        "@parcel/watcher-win32-ia32",
        "@parcel/watcher-win32-x64"
      ],
      "scripts": true
    },
    "@swc/core-darwin-arm64@1.15.3": {
      "integrity": "sha512-AXfeQn0CvcQ4cndlIshETx6jrAM45oeUrK8YeEY6oUZU/qzz0Id0CyvlEywxkWVC81Ajpd8TQQ1fW5yx6zQWkQ==",
      "os": ["darwin"],
      "cpu": ["arm64"]
    },
    "@swc/core-darwin-x64@1.15.3": {
      "integrity": "sha512-p68OeCz1ui+MZYG4wmfJGvcsAcFYb6Sl25H9TxWl+GkBgmNimIiRdnypK9nBGlqMZAcxngNPtnG3kEMNnvoJ2A==",
      "os": ["darwin"],
      "cpu": ["x64"]
    },
    "@swc/core-linux-arm-gnueabihf@1.15.3": {
      "integrity": "sha512-Nuj5iF4JteFgwrai97mUX+xUOl+rQRHqTvnvHMATL/l9xE6/TJfPBpd3hk/PVpClMXG3Uvk1MxUFOEzM1JrMYg==",
      "os": ["linux"],
      "cpu": ["arm"]
    },
    "@swc/core-linux-arm64-gnu@1.15.3": {
      "integrity": "sha512-2Nc/s8jE6mW2EjXWxO/lyQuLKShcmTrym2LRf5Ayp3ICEMX6HwFqB1EzDhwoMa2DcUgmnZIalesq2lG3krrUNw==",
      "os": ["linux"],
      "cpu": ["arm64"]
    },
    "@swc/core-linux-arm64-musl@1.15.3": {
      "integrity": "sha512-j4SJniZ/qaZ5g8op+p1G9K1z22s/EYGg1UXIb3+Cg4nsxEpF5uSIGEE4mHUfA70L0BR9wKT2QF/zv3vkhfpX4g==",
      "os": ["linux"],
      "cpu": ["arm64"]
    },
    "@swc/core-linux-x64-gnu@1.15.3": {
      "integrity": "sha512-aKttAZnz8YB1VJwPQZtyU8Uk0BfMP63iDMkvjhJzRZVgySmqt/apWSdnoIcZlUoGheBrcqbMC17GGUmur7OT5A==",
      "os": ["linux"],
      "cpu": ["x64"]
    },
    "@swc/core-linux-x64-musl@1.15.3": {
      "integrity": "sha512-oe8FctPu1gnUsdtGJRO2rvOUIkkIIaHqsO9xxN0bTR7dFTlPTGi2Fhk1tnvXeyAvCPxLIcwD8phzKg6wLv9yug==",
      "os": ["linux"],
      "cpu": ["x64"]
    },
    "@swc/core-win32-arm64-msvc@1.15.3": {
      "integrity": "sha512-L9AjzP2ZQ/Xh58e0lTRMLvEDrcJpR7GwZqAtIeNLcTK7JVE+QineSyHp0kLkO1rttCHyCy0U74kDTj0dRz6raA==",
      "os": ["win32"],
      "cpu": ["arm64"]
    },
    "@swc/core-win32-ia32-msvc@1.15.3": {
      "integrity": "sha512-B8UtogMzErUPDWUoKONSVBdsgKYd58rRyv2sHJWKOIMCHfZ22FVXICR4O/VwIYtlnZ7ahERcjayBHDlBZpR0aw==",
      "os": ["win32"],
      "cpu": ["ia32"]
    },
    "@swc/core-win32-x64-msvc@1.15.3": {
      "integrity": "sha512-SpZKMR9QBTecHeqpzJdYEfgw30Oo8b/Xl6rjSzBt1g0ZsXyy60KLXrp6IagQyfTYqNYE/caDvwtF2FPn7pomog==",
      "os": ["win32"],
      "cpu": ["x64"]
    },
    "@swc/core@1.15.3": {
      "integrity": "sha512-Qd8eBPkUFL4eAONgGjycZXj1jFCBW8Fd+xF0PzdTlBCWQIV1xnUT7B93wUANtW3KGjl3TRcOyxwSx/u/jyKw/Q==",
      "dependencies": [
        "@swc/counter",
        "@swc/types"
      ],
      "optionalDependencies": [
        "@swc/core-darwin-arm64",
        "@swc/core-darwin-x64",
        "@swc/core-linux-arm-gnueabihf",
        "@swc/core-linux-arm64-gnu",
        "@swc/core-linux-arm64-musl",
        "@swc/core-linux-x64-gnu",
        "@swc/core-linux-x64-musl",
        "@swc/core-win32-arm64-msvc",
        "@swc/core-win32-ia32-msvc",
        "@swc/core-win32-x64-msvc"
      ],
      "scripts": true
    },
    "@swc/counter@0.1.3": {
      "integrity": "sha512-e2BR4lsJkkRlKZ/qCHPw9ZaSxc0MVUd7gtbtaB7aMvHeJVYe8sOB8DBZkP2DtISHGSku9sCK6T6cnY0CtXrOCQ=="
    },
    "@swc/types@0.1.25": {
      "integrity": "sha512-iAoY/qRhNH8a/hBvm3zKj9qQ4oc2+3w1unPJa2XvTK3XjeLXtzcCingVPw/9e5mn1+0yPqxcBGp9Jf0pkfMb1g==",
      "dependencies": [
        "@swc/counter"
      ]
    },
    "@types/node@22.15.15": {
      "integrity": "sha512-R5muMcZob3/Jjchn5LcO8jdKwSCbzqmPB6ruBxMcf9kbxtniZHP327s6C37iOfuw8mbKK3cAQa7sEl7afLrQ8A==",
      "dependencies": [
        "undici-types"
      ]
    },
    "braces@3.0.3": {
      "integrity": "sha512-yQbXgO/OSZVD2IsiLlro+7Hf6Q18EJrKSEsdoMzKePKXct3gvD8oLcOQdIzGupr5Fj+EDe8gO/lxc1BzfMpxvA==",
      "dependencies": [
        "fill-range"
      ]
    },
    "buffer-builder@0.2.0": {
      "integrity": "sha512-7VPMEPuYznPSoR21NE1zvd2Xna6c/CloiZCfcMXR1Jny6PjX0N4Nsa38zcBFo/FMK+BlA+FLKbJCQ0i2yxp+Xg=="
    },
    "chokidar@4.0.3": {
      "integrity": "sha512-Qgzu8kfBvo+cA4962jnP1KkS6Dop5NS6g7R5LFYJr4b8Ub94PPQXUksCw9PvXoeXPRRddRNC5C1JQUR2SMGtnA==",
      "dependencies": [
        "readdirp"
      ]
    },
    "clean-css@5.3.3": {
      "integrity": "sha512-D5J+kHaVb/wKSFcyyV75uCn8fiY4sV38XJoe4CUyGQ+mOU/fMVYUdH1hJC+CJQ5uY3EnW27SbJYS4X8BiLrAFg==",
      "dependencies": [
        "source-map"
      ]
    },
    "colorjs.io@0.5.2": {
      "integrity": "sha512-twmVoizEW7ylZSN32OgKdXRmo1qg+wT5/6C3xu5b9QsWzSFAhHLn2xd8ro0diCsKfCj1RdaTP/nrcW+vAoQPIw=="
    },
    "detect-libc@1.0.3": {
      "integrity": "sha512-pGjwhsmsp4kL2RTz08wcOlGN83otlqHeD/Z5T8GXZB+/YcpQ/dgo+lbU8ZsGxV0HIvqqxo9l7mqYwyYMD9bKDg==",
      "bin": true
    },
    "fill-range@7.1.1": {
      "integrity": "sha512-YsGpe3WHLK8ZYi4tWDg2Jy3ebRz2rXowDxnld4bkQB00cc/1Zw9AWnC0i9ztDJitivtQvaI9KaLyKrc+hBW0yg==",
      "dependencies": [
        "to-regex-range"
      ]
    },
    "has-flag@4.0.0": {
      "integrity": "sha512-EykJT/Q1KjTWctppgIAgfSO0tKVuZUjhgMr17kqTumMl6Afv3EISleU7qZUzoXDFTAHTDC4NOoG/ZxU3EvlMPQ=="
    },
    "htm@3.1.1": {
      "integrity": "sha512-983Vyg8NwUE7JkZ6NmOqpCZ+sh1bKv2iYTlUkzlWmA5JD2acKoxd4KVxbMmxX/85mtfdnDmTFoNKcg5DGAvxNQ=="
    },
    "immutable@5.1.4": {
      "integrity": "sha512-p6u1bG3YSnINT5RQmx/yRZBpenIl30kVxkTLDyHLIMk0gict704Q9n+thfDI7lTRm9vXdDYutVzXhzcThxTnXA=="
    },
    "is-extglob@2.1.1": {
      "integrity": "sha512-SbKbANkN603Vi4jEZv49LeVJMn4yGwsbzZworEoyEiutsN3nJYdbO36zfhGJ6QEDpOZIFkDtnq5JRxmvl3jsoQ=="
    },
    "is-glob@4.0.3": {
      "integrity": "sha512-xelSayHH36ZgE7ZWhli7pW34hNbNl8Ojv5KVmkJD4hBdD3th8Tfk9vYasLM+mXWOZhFkgZfxhLSnrwRr4elSSg==",
      "dependencies": [
        "is-extglob"
      ]
    },
    "is-number@7.0.0": {
      "integrity": "sha512-41Cifkg6e8TylSpdtTpeLVMqvSBEVzTttHvERD741+pnZ8ANv0004MRL43QKPDlK9cGvNp6NZWZUBlbGXYxxng=="
    },
    "micromatch@4.0.8": {
      "integrity": "sha512-PXwfBhYu0hBCPw8Dn0E+WDYb7af3dSLVWKi3HGv84IdF4TyFoC0ysxFd0Goxw7nSv4T/PzEJQxsYsEiFCKo2BA==",
      "dependencies": [
        "braces",
        "picomatch"
      ]
    },
    "node-addon-api@7.1.1": {
      "integrity": "sha512-5m3bsyrjFWE1xf7nz7YXdN4udnVtXK6/Yfgn5qnahL6bCkf2yKt4k3nuTKAtT4r3IG8JNR2ncsIMdZuAzJjHQQ=="
    },
    "openapi3-ts@4.5.0": {
      "integrity": "sha512-jaL+HgTq2Gj5jRcfdutgRGLosCy/hT8sQf6VOy+P+g36cZOjI1iukdPnijC+4CmeRzg/jEllJUboEic2FhxhtQ==",
      "dependencies": [
        "yaml"
      ]
    },
    "path-to-regexp@6.3.0": {
      "integrity": "sha512-Yhpw4T9C6hPpgPeA28us07OJeqZ5EzQTkbfwuhsUg0c237RomFoETJgmp2sa3F/41gfLE6G5cqcYwznmeEeOlQ=="
    },
    "picomatch@2.3.1": {
      "integrity": "sha512-JU3teHTNjmE2VCGFzuY8EXzCDVwEqB2a8fsIvwaStHhAWJEeVd1o1QD80CU6+ZdEXXSLbSsuLwJjkCBWqRQUVA=="
    },
    "preact-iso@2.9.1_preact@10.26.5_preact-render-to-string@6.5.13__preact@10.26.5": {
      "integrity": "sha512-65+oY5FHeSC3mjq2Dg6v72HYjsTYTqI9hXl1BK6vtUkxwfCqDJ5aqk33zjOH3aSuCY7duWiulyqMQ53GXpPIIQ==",
      "dependencies": [
        "preact",
        "preact-render-to-string"
      ]
    },
    "preact-render-to-string@6.5.13_preact@10.26.5": {
      "integrity": "sha512-iGPd+hKPMFKsfpR2vL4kJ6ZPcFIoWZEcBf0Dpm3zOpdVvj77aY8RlLiQji5OMrngEyaxGogeakTb54uS2FvA6w==",
      "dependencies": [
        "preact"
      ]
    },
    "preact@10.26.5": {
      "integrity": "sha512-fmpDkgfGU6JYux9teDWLhj9mKN55tyepwYbxHgQuIxbWQzgFg5vk7Mrrtfx7xRxq798ynkY4DDDxZr235Kk+4w=="
    },
    "readdirp@4.1.2": {
      "integrity": "sha512-GDhwkLfywWL2s6vEjyhri+eXmfH6j1L7JE27WhqLeYzoh/A3DBaYGEj2H/HFZCn/kMfim73FXxEJTw06WtxQwg=="
    },
    "rxjs@7.8.2": {
      "integrity": "sha512-dhKf903U/PQZY6boNNtAGdWbG85WAbjT/1xYoZIC7FAY0yWapOBQVsVrDl58W86//e1VpMNBtRV4MaXfdMySFA==",
      "dependencies": [
        "tslib"
      ]
    },
    "sass-embedded-all-unknown@1.93.3": {
      "integrity": "sha512-3okGgnE41eg+CPLtAPletu6nQ4N0ij7AeW+Sl5Km4j29XcmqZQeFwYjHe1AlKTEgLi/UAONk1O8i8/lupeKMbw==",
      "dependencies": [
        "sass"
      ],
      "cpu": ["!arm", "!arm64", "!riscv64", "!x64"]
    },
    "sass-embedded-android-arm64@1.93.3": {
      "integrity": "sha512-uqUl3Kt1IqdGVAcAdbmC+NwuUJy8tM+2ZnB7/zrt6WxWVShVCRdFnWR9LT8HJr7eJN7AU8kSXxaVX/gedanPsg==",
      "os": ["android"],
      "cpu": ["arm64"]
    },
    "sass-embedded-android-arm@1.93.3": {
      "integrity": "sha512-8xOw9bywfOD6Wv24BgCmgjkk6tMrsOTTHcb28KDxeJtFtoxiUyMbxo0vChpPAfp2Hyg2tFFKS60s0s4JYk+Raw==",
      "os": ["android"],
      "cpu": ["arm"]
    },
    "sass-embedded-android-riscv64@1.93.3": {
      "integrity": "sha512-2jNJDmo+3qLocjWqYbXiBDnfgwrUeZgZFHJIwAefU7Fn66Ot7rsXl+XPwlokaCbTpj7eMFIqsRAZ/uDueXNCJg==",
      "os": ["android"],
      "cpu": ["riscv64"]
    },
    "sass-embedded-android-x64@1.93.3": {
      "integrity": "sha512-y0RoAU6ZenQFcjM9PjQd3cRqRTjqwSbtWLL/p68y2oFyh0QGN0+LQ826fc0ZvU/AbqCsAizkqjzOn6cRZJxTTQ==",
      "os": ["android"],
      "cpu": ["x64"]
    },
    "sass-embedded-darwin-arm64@1.93.3": {
      "integrity": "sha512-7zb/hpdMOdKteK17BOyyypemglVURd1Hdz6QGsggy60aUFfptTLQftLRg8r/xh1RbQAUKWFbYTNaM47J9yPxYg==",
      "os": ["darwin"],
      "cpu": ["arm64"]
    },
    "sass-embedded-darwin-x64@1.93.3": {
      "integrity": "sha512-Ek1Vp8ZDQEe327Lz0b7h3hjvWH3u9XjJiQzveq74RPpJQ2q6d9LfWpjiRRohM4qK6o4XOHw1X10OMWPXJtdtWg==",
      "os": ["darwin"],
      "cpu": ["x64"]
    },
    "sass-embedded-linux-arm64@1.93.3": {
      "integrity": "sha512-RBrHWgfd8Dd8w4fbmdRVXRrhh8oBAPyeWDTKAWw8ZEmuXfVl4ytjDuyxaVilh6rR1xTRTNpbaA/YWApBlLrrNw==",
      "os": ["linux"],
      "cpu": ["arm64"]
    },
    "sass-embedded-linux-arm@1.93.3": {
      "integrity": "sha512-yeiv2y+dp8B4wNpd3+JsHYD0mvpXSfov7IGyQ1tMIR40qv+ROkRqYiqQvAOXf76Qwh4Y9OaYZtLpnsPjfeq6mA==",
      "os": ["linux"],
      "cpu": ["arm"]
    },
    "sass-embedded-linux-musl-arm64@1.93.3": {
      "integrity": "sha512-PS829l+eUng+9W4PFclXGb4uA2+965NHV3/Sa5U7qTywjeeUUYTZg70dJHSqvhrBEfCc2XJABeW3adLJbyQYkw==",
      "os": ["linux"],
      "cpu": ["arm64"]
    },
    "sass-embedded-linux-musl-arm@1.93.3": {
      "integrity": "sha512-fU0fwAwbp7sBE3h5DVU5UPzvaLg7a4yONfFWkkcCp6ZrOiPuGRHXXYriWQ0TUnWy4wE+svsVuWhwWgvlb/tkKg==",
      "os": ["linux"],
      "cpu": ["arm"]
    },
    "sass-embedded-linux-musl-riscv64@1.93.3": {
      "integrity": "sha512-cK1oBY+FWQquaIGEeQ5H74KTO8cWsSWwXb/WaildOO9U6wmUypTgUYKQ0o5o/29nZbWWlM1PHuwVYTSnT23Jjg==",
      "os": ["linux"],
      "cpu": ["riscv64"]
    },
    "sass-embedded-linux-musl-x64@1.93.3": {
      "integrity": "sha512-A7wkrsHu2/I4Zpa0NMuPGkWDVV7QGGytxGyUq3opSXgAexHo/vBPlGoDXoRlSdex0cV+aTMRPjoGIfdmNlHwyg==",
      "os": ["linux"],
      "cpu": ["x64"]
    },
    "sass-embedded-linux-riscv64@1.93.3": {
      "integrity": "sha512-vWkW1+HTF5qcaHa6hO80gx/QfB6GGjJUP0xLbnAoY4pwEnw5ulGv6RM8qYr8IDhWfVt/KH+lhJ2ZFxnJareisQ==",
      "os": ["linux"],
      "cpu": ["riscv64"]
    },
    "sass-embedded-linux-x64@1.93.3": {
      "integrity": "sha512-k6uFxs+e5jSuk1Y0niCwuq42F9ZC5UEP7P+RIOurIm8w/5QFa0+YqeW+BPWEW5M1FqVOsNZH3qGn4ahqvAEjPA==",
      "os": ["linux"],
      "cpu": ["x64"]
    },
    "sass-embedded-unknown-all@1.93.3": {
      "integrity": "sha512-o5wj2rLpXH0C+GJKt/VpWp6AnMsCCbfFmnMAttcrsa+U3yrs/guhZ3x55KAqqUsE8F47e3frbsDL+1OuQM5DAA==",
      "dependencies": [
        "sass"
      ],
      "os": ["!android", "!darwin", "!linux", "!win32"]
    },
    "sass-embedded-win32-arm64@1.93.3": {
      "integrity": "sha512-0dOfT9moy9YmBolodwYYXtLwNr4jL4HQC9rBfv6mVrD7ud8ue2kDbn+GVzj1hEJxvEexVSmDCf7MHUTLcGs9xQ==",
      "os": ["win32"],
      "cpu": ["arm64"]
    },
    "sass-embedded-win32-x64@1.93.3": {
      "integrity": "sha512-wHFVfxiS9hU/sNk7KReD+lJWRp3R0SLQEX4zfOnRP2zlvI2X4IQR5aZr9GNcuMP6TmNpX0nQPZTegS8+h9RrEg==",
      "os": ["win32"],
      "cpu": ["x64"]
    },
    "sass-embedded@1.93.3": {
      "integrity": "sha512-+VUy01yfDqNmIVMd/LLKl2TTtY0ovZN0rTonh+FhKr65mFwIYgU9WzgIZKS7U9/SPCQvWTsTGx9jyt+qRm/XFw==",
      "dependencies": [
        "@bufbuild/protobuf",
        "buffer-builder",
        "colorjs.io",
        "immutable",
        "rxjs",
        "supports-color",
        "sync-child-process",
        "varint"
      ],
      "optionalDependencies": [
        "sass-embedded-all-unknown",
        "sass-embedded-android-arm",
        "sass-embedded-android-arm64",
        "sass-embedded-android-riscv64",
        "sass-embedded-android-x64",
        "sass-embedded-darwin-arm64",
        "sass-embedded-darwin-x64",
        "sass-embedded-linux-arm",
        "sass-embedded-linux-arm64",
        "sass-embedded-linux-musl-arm",
        "sass-embedded-linux-musl-arm64",
        "sass-embedded-linux-musl-riscv64",
        "sass-embedded-linux-musl-x64",
        "sass-embedded-linux-riscv64",
        "sass-embedded-linux-x64",
        "sass-embedded-unknown-all",
        "sass-embedded-win32-arm64",
        "sass-embedded-win32-x64"
      ],
      "bin": true
    },
    "sass@1.93.3": {
      "integrity": "sha512-elOcIZRTM76dvxNAjqYrucTSI0teAF/L2Lv0s6f6b7FOwcwIuA357bIE871580AjHJuSvLIRUosgV+lIWx6Rgg==",
      "dependencies": [
        "chokidar",
        "immutable",
        "source-map-js"
      ],
      "optionalDependencies": [
        "@parcel/watcher"
      ],
      "bin": true
    },
    "source-map-js@1.2.1": {
      "integrity": "sha512-UXWMKhLOwVKb728IUtQPXxfYU+usdybtUrK/8uGE8CQMvrhOpwvzDBwj0QhSL7MQc7vIsISBG8VQ8+IDQxpfQA=="
    },
    "source-map@0.6.1": {
      "integrity": "sha512-UjgapumWlbMhkBgzT7Ykc5YXUT46F0iKu8SGXq0bcwP5dz/h0Plj6enJqjz1Zbq2l5WaqYnrVbwWOWMyF3F47g=="
    },
    "supports-color@8.1.1": {
      "integrity": "sha512-MpUEN2OodtUzxvKQl72cUF7RQ5EiHsGvSsVG0ia9c5RbWGL2CI4C7EpPS8UTBIplnlzZiNuV56w+FuNxy3ty2Q==",
      "dependencies": [
        "has-flag"
      ]
    },
    "sync-child-process@1.0.2": {
      "integrity": "sha512-8lD+t2KrrScJ/7KXCSyfhT3/hRq78rC0wBFqNJXv3mZyn6hW2ypM05JmlSvtqRbeq6jqA94oHbxAr2vYsJ8vDA==",
      "dependencies": [
        "sync-message-port"
      ]
    },
    "sync-message-port@1.1.3": {
      "integrity": "sha512-GTt8rSKje5FilG+wEdfCkOcLL7LWqpMlr2c3LRuKt/YXxcJ52aGSbGBAdI4L3aaqfrBt6y711El53ItyH1NWzg=="
    },
    "to-regex-range@5.0.1": {
      "integrity": "sha512-65P7iz6X5yEr1cwcgvQxbbIw7Uk3gOy5dIdtZ4rDveLqhrdJP+Li/Hx6tyK0NEb+2GCyneCMJiGqrADCSNk8sQ==",
      "dependencies": [
        "is-number"
      ]
    },
    "tslib@2.8.1": {
      "integrity": "sha512-oJFu94HQb+KVduSUQL7wnpmqnfmLsOA/nAh6b6EH0wCEoK0/mPeXU6c3wKDV83MkOuHPRHtSXKKU99IBazS/2w=="
    },
    "typescript@5.8.3": {
      "integrity": "sha512-p1diW6TqL9L07nNxvRMM7hMMw4c5XOo/1ibL4aAIGmSAt9slTE1Xgw5KWuof2uTOvCg9BY7ZRi+GaF+7sfgPeQ==",
      "bin": true
    },
    "uglify-js@3.19.3": {
      "integrity": "sha512-v3Xu+yuwBXisp6QYTcH4UbH+xYJXqnq2m/LtQVWKWzYc1iehYnLixoQDN9FH6/j9/oybfd6W9Ghwkl8+UMKTKQ==",
      "bin": true
    },
    "undici-types@6.21.0": {
      "integrity": "sha512-iwDZqg0QAGrg9Rav5H4n0M64c3mkR59cJ6wQp+7C4nI0gsmExaedaYLNO44eT4AtBBwjbTiGPMlt2Md0T9H9JQ=="
    },
    "varint@6.0.0": {
      "integrity": "sha512-cXEIW6cfr15lFv563k4GuVuW/fiwjknytD37jIOLSdSWuOI6WnO/oKwmP2FQTU2l01LP8/M5TSAJpzUaGe3uWg=="
    },
    "yaml@2.8.1": {
      "integrity": "sha512-lcYcMxX2PO9XMGvAJkJ3OsNMw+/7FKes7/hgerGUYWIoWu5j/+YQqcZr5JnPZWzOsEBgMbSbiSTn/dv/69Mkpw==",
      "bin": true
    },
    "zod@4.1.13": {
      "integrity": "sha512-AvvthqfqrAhNH9dnfmrfKzX5upOdjUVJYFqNSlkmGf64gRaTzlPwz99IHYnVs28qYAybvAlBV+H7pn0saFY4Ig=="
    }
  },
  "workspace": {
    "dependencies": [
      "jsr:@dklab/oak-routing-ctrl@0.16",
      "jsr:@oak/oak@^17.2.0",
      "jsr:@std/assert@^1.0.16",
      "jsr:@std/log@~0.224.14",
      "jsr:@std/path@^1.1.3",
      "jsr:@std/testing@^1.0.16",
      "npm:@swc/core@^1.15.3",
      "npm:clean-css@^5.3.3",
      "npm:htm@^3.1.1",
      "npm:preact-iso@^2.9.1",
      "npm:preact-render-to-string@^6.5.13",
      "npm:preact@10.26.5",
      "npm:sass-embedded@^1.93.3",
      "npm:typescript@^5.8.3",
      "npm:uglify-js@^3.19.3"
    ]
  }
}
