{
  "version": "5",
  "specifiers": {
    "jsr:@dklab/oak-routing-ctrl@~0.15.1": "0.15.1",
    "jsr:@oak/commons@1": "1.0.1",
    "jsr:@oak/oak@^17.1.4": "17.1.4",
    "jsr:@std/assert@1": "1.0.13",
    "jsr:@std/assert@^1.0.13": "1.0.13",
    "jsr:@std/bytes@1": "1.0.6",
    "jsr:@std/crypto@1": "1.0.5",
    "jsr:@std/encoding@1": "1.0.10",
    "jsr:@std/encoding@^1.0.10": "1.0.10",
    "jsr:@std/fmt@^1.0.5": "1.0.8",
    "jsr:@std/fs@^1.0.11": "1.0.18",
    "jsr:@std/fs@^1.0.17": "1.0.18",
    "jsr:@std/http@1": "1.0.17",
    "jsr:@std/internal@^1.0.6": "1.0.8",
    "jsr:@std/internal@^1.0.8": "1.0.8",
    "jsr:@std/io@~0.225.2": "0.225.2",
    "jsr:@std/log@~0.224.14": "0.224.14",
    "jsr:@std/media-types@1": "1.1.0",
    "jsr:@std/path@1": "1.1.0",
    "jsr:@std/path@^1.0.9": "1.1.0",
    "jsr:@std/path@^1.1.0": "1.1.0",
    "jsr:@std/testing@^1.0.13": "1.0.13",
    "npm:@asteasolutions/zod-to-openapi@^7.3.0": "7.3.2_zod@3.25.43",
    "npm:@swc/core@^1.11.29": "1.11.29",
    "npm:@types/node@*": "22.15.15",
    "npm:clean-css@^5.3.3": "5.3.3",
    "npm:htm@^3.1.1": "3.1.1",
    "npm:path-to-regexp@^6.3.0": "6.3.0",
    "npm:preact-iso@^2.9.1": "2.9.1_preact@10.26.5_preact-render-to-string@6.5.13__preact@10.26.5",
    "npm:preact-render-to-string@^6.5.13": "6.5.13_preact@10.26.5",
    "npm:preact@10.26.5": "10.26.5",
    "npm:sass-embedded@^1.89.1": "1.89.1",
    "npm:typescript@^5.8.3": "5.8.3",
    "npm:uglify-js@^3.19.3": "3.19.3",
    "npm:zod@^3.25.7": "3.25.43"
  },
  "jsr": {
    "@dklab/oak-routing-ctrl@0.15.1": {
      "integrity": "4a1cce5423edc4bbb801b879dac73c23e15cf1b32aa734e101231483656d1033",
      "dependencies": [
        "jsr:@oak/oak",
        "jsr:@std/path@^1.0.9",
        "npm:@asteasolutions/zod-to-openapi",
        "npm:zod"
      ]
    },
    "@oak/commons@1.0.1": {
      "integrity": "889ff210f0b4292591721be07244ecb1b5c118742f5273c70cf30d7cd4184d0c",
      "dependencies": [
        "jsr:@std/assert@1",
        "jsr:@std/bytes",
        "jsr:@std/crypto",
        "jsr:@std/encoding@1",
        "jsr:@std/http",
        "jsr:@std/media-types"
      ]
    },
    "@oak/oak@17.1.4": {
      "integrity": "60530b582bf276ff741e39cc664026781aa08dd5f2bc5134d756cc427bf2c13e",
      "dependencies": [
        "jsr:@oak/commons",
        "jsr:@std/assert@1",
        "jsr:@std/bytes",
        "jsr:@std/http",
        "jsr:@std/media-types",
        "jsr:@std/path@1",
        "npm:path-to-regexp"
      ]
    },
    "@std/assert@1.0.13": {
      "integrity": "ae0d31e41919b12c656c742b22522c32fb26ed0cba32975cb0de2a273cb68b29",
      "dependencies": [
        "jsr:@std/internal@^1.0.6"
      ]
    },
    "@std/bytes@1.0.6": {
      "integrity": "f6ac6adbd8ccd99314045f5703e23af0a68d7f7e58364b47d2c7f408aeb5820a"
    },
    "@std/crypto@1.0.5": {
      "integrity": "0dcfbb319fe0bba1bd3af904ceb4f948cde1b92979ec1614528380ed308a3b40"
    },
    "@std/encoding@1.0.10": {
      "integrity": "8783c6384a2d13abd5e9e87a7ae0520a30e9f56aeeaa3bdf910a3eaaf5c811a1"
    },
    "@std/fmt@1.0.8": {
      "integrity": "71e1fc498787e4434d213647a6e43e794af4fd393ef8f52062246e06f7e372b7"
    },
    "@std/fs@1.0.18": {
      "integrity": "24bcad99eab1af4fde75e05da6e9ed0e0dce5edb71b7e34baacf86ffe3969f3a",
      "dependencies": [
        "jsr:@std/path@^1.1.0"
      ]
    },
    "@std/http@1.0.17": {
      "integrity": "98aec8ab4080d95c21f731e3008f69c29c5012d12f1b4e553f85935db601569f",
      "dependencies": [
        "jsr:@std/encoding@^1.0.10"
      ]
    },
    "@std/internal@1.0.8": {
      "integrity": "fc66e846d8d38a47cffd274d80d2ca3f0de71040f855783724bb6b87f60891f5"
    },
    "@std/io@0.225.2": {
      "integrity": "3c740cd4ee4c082e6cfc86458f47e2ab7cb353dc6234d5e9b1f91a2de5f4d6c7"
    },
    "@std/log@0.224.14": {
      "integrity": "257f7adceee3b53bb2bc86c7242e7d1bc59729e57d4981c4a7e5b876c808f05e",
      "dependencies": [
        "jsr:@std/fmt",
        "jsr:@std/fs@^1.0.11",
        "jsr:@std/io"
      ]
    },
    "@std/media-types@1.1.0": {
      "integrity": "c9d093f0c05c3512932b330e3cc1fe1d627b301db33a4c2c2185c02471d6eaa4"
    },
    "@std/path@1.1.0": {
      "integrity": "ddc94f8e3c275627281cbc23341df6b8bcc874d70374f75fec2533521e3d6886"
    },
    "@std/testing@1.0.13": {
      "integrity": "74418be16f627dfe996937ab0ffbdbda9c1f35534b78724658d981492f121e71",
      "dependencies": [
        "jsr:@std/assert@^1.0.13",
        "jsr:@std/fs@^1.0.17",
        "jsr:@std/internal@^1.0.8",
        "jsr:@std/path@^1.1.0"
      ]
    }
  },
  "npm": {
    "@asteasolutions/zod-to-openapi@7.3.2_zod@3.25.43": {
      "integrity": "sha512-Wvl+jHwSgYrRc3tQLMG7Qxq6wn0WjDk8E9ZA0lAyW73FqK18XPHVIKpk0lA6L0S+zmzzNKTndeV2v/Or0LyfHQ==",
      "dependencies": [
        "openapi3-ts",
        "zod"
      ]
    },
    "@bufbuild/protobuf@2.5.1": {
      "integrity": "sha512-lut4UTvKL8tqtend0UDu7R79/n9jA7Jtxf77RNPbxtmWqfWI4qQ9bTjf7KCS4vfqLmpQbuHr1ciqJumAgJODdw=="
    },
    "@swc/core-darwin-arm64@1.11.29": {
      "integrity": "sha512-whsCX7URzbuS5aET58c75Dloby3Gtj/ITk2vc4WW6pSDQKSPDuONsIcZ7B2ng8oz0K6ttbi4p3H/PNPQLJ4maQ==",
      "os": ["darwin"],
      "cpu": ["arm64"]
    },
    "@swc/core-darwin-x64@1.11.29": {
      "integrity": "sha512-S3eTo/KYFk+76cWJRgX30hylN5XkSmjYtCBnM4jPLYn7L6zWYEPajsFLmruQEiTEDUg0gBEWLMNyUeghtswouw==",
      "os": ["darwin"],
      "cpu": ["x64"]
    },
    "@swc/core-linux-arm-gnueabihf@1.11.29": {
      "integrity": "sha512-o9gdshbzkUMG6azldHdmKklcfrcMx+a23d/2qHQHPDLUPAN+Trd+sDQUYArK5Fcm7TlpG4sczz95ghN0DMkM7g==",
      "os": ["linux"],
      "cpu": ["arm"]
    },
    "@swc/core-linux-arm64-gnu@1.11.29": {
      "integrity": "sha512-sLoaciOgUKQF1KX9T6hPGzvhOQaJn+3DHy4LOHeXhQqvBgr+7QcZ+hl4uixPKTzxk6hy6Hb0QOvQEdBAAR1gXw==",
      "os": ["linux"],
      "cpu": ["arm64"]
    },
    "@swc/core-linux-arm64-musl@1.11.29": {
      "integrity": "sha512-PwjB10BC0N+Ce7RU/L23eYch6lXFHz7r3NFavIcwDNa/AAqywfxyxh13OeRy+P0cg7NDpWEETWspXeI4Ek8otw==",
      "os": ["linux"],
      "cpu": ["arm64"]
    },
    "@swc/core-linux-x64-gnu@1.11.29": {
      "integrity": "sha512-i62vBVoPaVe9A3mc6gJG07n0/e7FVeAvdD9uzZTtGLiuIfVfIBta8EMquzvf+POLycSk79Z6lRhGPZPJPYiQaA==",
      "os": ["linux"],
      "cpu": ["x64"]
    },
    "@swc/core-linux-x64-musl@1.11.29": {
      "integrity": "sha512-YER0XU1xqFdK0hKkfSVX1YIyCvMDI7K07GIpefPvcfyNGs38AXKhb2byySDjbVxkdl4dycaxxhRyhQ2gKSlsFQ==",
      "os": ["linux"],
      "cpu": ["x64"]
    },
    "@swc/core-win32-arm64-msvc@1.11.29": {
      "integrity": "sha512-po+WHw+k9g6FAg5IJ+sMwtA/fIUL3zPQ4m/uJgONBATCVnDDkyW6dBA49uHNVtSEvjvhuD8DVWdFP847YTcITw==",
      "os": ["win32"],
      "cpu": ["arm64"]
    },
    "@swc/core-win32-ia32-msvc@1.11.29": {
      "integrity": "sha512-h+NjOrbqdRBYr5ItmStmQt6x3tnhqgwbj9YxdGPepbTDamFv7vFnhZR0YfB3jz3UKJ8H3uGJ65Zw1VsC+xpFkg==",
      "os": ["win32"],
      "cpu": ["ia32"]
    },
    "@swc/core-win32-x64-msvc@1.11.29": {
      "integrity": "sha512-Q8cs2BDV9wqDvqobkXOYdC+pLUSEpX/KvI0Dgfun1F+LzuLotRFuDhrvkU9ETJA6OnD2+Fn/ieHgloiKA/Mn/g==",
      "os": ["win32"],
      "cpu": ["x64"]
    },
    "@swc/core@1.11.29": {
      "integrity": "sha512-g4mThMIpWbNhV8G2rWp5a5/Igv8/2UFRJx2yImrLGMgrDDYZIopqZ/z0jZxDgqNA1QDx93rpwNF7jGsxVWcMlA==",
      "dependencies": [
        "@swc/counter",
        "@swc/types"
      ],
      "optionalDependencies": [
        "@swc/core-darwin-arm64",
        "@swc/core-darwin-x64",
        "@swc/core-linux-arm-gnueabihf",
        "@swc/core-linux-arm64-gnu",
        "@swc/core-linux-arm64-musl",
        "@swc/core-linux-x64-gnu",
        "@swc/core-linux-x64-musl",
        "@swc/core-win32-arm64-msvc",
        "@swc/core-win32-ia32-msvc",
        "@swc/core-win32-x64-msvc"
      ],
      "scripts": true
    },
    "@swc/counter@0.1.3": {
      "integrity": "sha512-e2BR4lsJkkRlKZ/qCHPw9ZaSxc0MVUd7gtbtaB7aMvHeJVYe8sOB8DBZkP2DtISHGSku9sCK6T6cnY0CtXrOCQ=="
    },
    "@swc/types@0.1.21": {
      "integrity": "sha512-2YEtj5HJVbKivud9N4bpPBAyZhj4S2Ipe5LkUG94alTpr7in/GU/EARgPAd3BwU+YOmFVJC2+kjqhGRi3r0ZpQ==",
      "dependencies": [
        "@swc/counter"
      ]
    },
    "@types/node@22.15.15": {
      "integrity": "sha512-R5muMcZob3/Jjchn5LcO8jdKwSCbzqmPB6ruBxMcf9kbxtniZHP327s6C37iOfuw8mbKK3cAQa7sEl7afLrQ8A==",
      "dependencies": [
        "undici-types"
      ]
    },
    "buffer-builder@0.2.0": {
      "integrity": "sha512-7VPMEPuYznPSoR21NE1zvd2Xna6c/CloiZCfcMXR1Jny6PjX0N4Nsa38zcBFo/FMK+BlA+FLKbJCQ0i2yxp+Xg=="
    },
    "clean-css@5.3.3": {
      "integrity": "sha512-D5J+kHaVb/wKSFcyyV75uCn8fiY4sV38XJoe4CUyGQ+mOU/fMVYUdH1hJC+CJQ5uY3EnW27SbJYS4X8BiLrAFg==",
      "dependencies": [
        "source-map"
      ]
    },
    "colorjs.io@0.5.2": {
      "integrity": "sha512-twmVoizEW7ylZSN32OgKdXRmo1qg+wT5/6C3xu5b9QsWzSFAhHLn2xd8ro0diCsKfCj1RdaTP/nrcW+vAoQPIw=="
    },
    "has-flag@4.0.0": {
      "integrity": "sha512-EykJT/Q1KjTWctppgIAgfSO0tKVuZUjhgMr17kqTumMl6Afv3EISleU7qZUzoXDFTAHTDC4NOoG/ZxU3EvlMPQ=="
    },
    "htm@3.1.1": {
      "integrity": "sha512-983Vyg8NwUE7JkZ6NmOqpCZ+sh1bKv2iYTlUkzlWmA5JD2acKoxd4KVxbMmxX/85mtfdnDmTFoNKcg5DGAvxNQ=="
    },
    "immutable@5.1.2": {
      "integrity": "sha512-qHKXW1q6liAk1Oys6umoaZbDRqjcjgSrbnrifHsfsttza7zcvRAsL7mMV6xWcyhwQy7Xj5v4hhbr6b+iDYwlmQ=="
    },
    "openapi3-ts@4.4.0": {
      "integrity": "sha512-9asTNB9IkKEzWMcHmVZE7Ts3kC9G7AFHfs8i7caD8HbI76gEjdkId4z/AkP83xdZsH7PLAnnbl47qZkXuxpArw==",
      "dependencies": [
        "yaml"
      ]
    },
    "path-to-regexp@6.3.0": {
      "integrity": "sha512-Yhpw4T9C6hPpgPeA28us07OJeqZ5EzQTkbfwuhsUg0c237RomFoETJgmp2sa3F/41gfLE6G5cqcYwznmeEeOlQ=="
    },
    "preact-iso@2.9.1_preact@10.26.5_preact-render-to-string@6.5.13__preact@10.26.5": {
      "integrity": "sha512-65+oY5FHeSC3mjq2Dg6v72HYjsTYTqI9hXl1BK6vtUkxwfCqDJ5aqk33zjOH3aSuCY7duWiulyqMQ53GXpPIIQ==",
      "dependencies": [
        "preact",
        "preact-render-to-string"
      ]
    },
    "preact-render-to-string@6.5.13_preact@10.26.5": {
      "integrity": "sha512-iGPd+hKPMFKsfpR2vL4kJ6ZPcFIoWZEcBf0Dpm3zOpdVvj77aY8RlLiQji5OMrngEyaxGogeakTb54uS2FvA6w==",
      "dependencies": [
        "preact"
      ]
    },
    "preact@10.26.5": {
      "integrity": "sha512-fmpDkgfGU6JYux9teDWLhj9mKN55tyepwYbxHgQuIxbWQzgFg5vk7Mrrtfx7xRxq798ynkY4DDDxZr235Kk+4w=="
    },
    "rxjs@7.8.2": {
      "integrity": "sha512-dhKf903U/PQZY6boNNtAGdWbG85WAbjT/1xYoZIC7FAY0yWapOBQVsVrDl58W86//e1VpMNBtRV4MaXfdMySFA==",
      "dependencies": [
        "tslib"
      ]
    },
    "sass-embedded-android-arm64@1.89.1": {
      "integrity": "sha512-Je6x7uuJRGQdr5ziSJdaPA4NhBSO26BU/E55qiuMUZpjq2EWBEJPbNeugu/cWlCEmfqoVuxj37r8aEU+KG0H1g==",
      "os": ["android"],
      "cpu": ["arm64"]
    },
    "sass-embedded-android-arm@1.89.1": {
      "integrity": "sha512-wVchZSz8zbJBwwOs9/iwco/M5G3L5BaeqwUF1EC3Gtzn1BsXYUEkJfftW2HxGl4hQz2YlpR7BY1GRN817uxADA==",
      "os": ["android"],
      "cpu": ["arm"]
    },
    "sass-embedded-android-riscv64@1.89.1": {
      "integrity": "sha512-DhWe+A4RVtpHMVaQgdzRpiczAXKPl7XhyY9USkY9Xkhv94+csTfjyuFmsUuCpKSiQDQkD+rGByfg+9yQIk/RgQ==",
      "os": ["android"],
      "cpu": ["riscv64"]
    },
    "sass-embedded-android-x64@1.89.1": {
      "integrity": "sha512-LTEzxTXrv3evPiHBmDMtJtO5tEprg7bvNOwYTjDEhE9ZCYdb70l+haIY0dVyhGxyeaBJlyvatjWOKEduPP3Lyw==",
      "os": ["android"],
      "cpu": ["x64"]
    },
    "sass-embedded-darwin-arm64@1.89.1": {
      "integrity": "sha512-7qMO4BLdIOFMMc1M+hg5iWEjPxbPlH1XTPUCwyuXYqubz6kXkdrrtJXolNAAey/0ZOE6uXk0APugm93a/veQdQ==",
      "os": ["darwin"],
      "cpu": ["arm64"]
    },
    "sass-embedded-darwin-x64@1.89.1": {
      "integrity": "sha512-Jzuws3NNx4YtDdL2/skP8BvGqMBKn26XINehwLnD2kgbh0+k+vKNWt5JDomvIuZVLsK8zWrMoRkXpk4wuHdqrw==",
      "os": ["darwin"],
      "cpu": ["x64"]
    },
    "sass-embedded-linux-arm64@1.89.1": {
      "integrity": "sha512-h967EV2armjV+Re+hHv7LaIzCOvV6DoFod9GJhXTdnPvilqs7DAPTUfN07wOqbzjlaGEnITZXzLsWAoZ1Z7tWQ==",
      "os": ["linux"],
      "cpu": ["arm64"]
    },
    "sass-embedded-linux-arm@1.89.1": {
      "integrity": "sha512-8TvFr/lh7FARtNr9mM57m7NNvtSZwnlkXtfY1D48B81Ve6GgtLqQhELNzvTcfQ0WZa0aNnVjq9XUuWLlrMDaZQ==",
      "os": ["linux"],
      "cpu": ["arm"]
    },
    "sass-embedded-linux-musl-arm64@1.89.1": {
      "integrity": "sha512-l4TrsUmE3AEPy2gDThb+OQV5xSyrb807DJbkQiFtTwvtOZAAkoVl1v2QeocW0npgKjc/W7nHMiSempJe0UcV7w==",
      "os": ["linux"],
      "cpu": ["arm64"]
    },
    "sass-embedded-linux-musl-arm@1.89.1": {
      "integrity": "sha512-Tl8wDL+3qFa/AhvZZBb1OvhN1SvIsRSLaPdGP8cv3VmKKVBdlLp2zedPTlcLJpR9dG/bjtGJYGX15kWHAvZ6mQ==",
      "os": ["linux"],
      "cpu": ["arm"]
    },
    "sass-embedded-linux-musl-riscv64@1.89.1": {
      "integrity": "sha512-YJVZmz032U7dv4RW3u+SJGp+DQWmYWc5fX/aXzLuoL6PPUPon1/Sseaf/5YGtcuQf8RnxZBbM2nFHFVHDJfsQw==",
      "os": ["linux"],
      "cpu": ["riscv64"]
    },
    "sass-embedded-linux-musl-x64@1.89.1": {
      "integrity": "sha512-67ijpk87V0VlpdVTtgnfIzRkVUMtEH79nvGctvNpk0XT6v+oxoFRljFRiYItZOxb5gRZMnvtkgaz1VHVcMrhtg==",
      "os": ["linux"],
      "cpu": ["x64"]
    },
    "sass-embedded-linux-riscv64@1.89.1": {
      "integrity": "sha512-SQNWy5kUvlQJUKRXFy8jS05DBik+2ERIWDxOBk+QuJYEIktlA9fKKBU8c7RkgpZFNXSXZa0W1Gy27oOFCzhhuA==",
      "os": ["linux"],
      "cpu": ["riscv64"]
    },
    "sass-embedded-linux-x64@1.89.1": {
      "integrity": "sha512-KUqGzBvTDZG6D3Pq41sCzqO1wkxM0WmxxlI7PTuVkvgciTywHf8F7mkg2alMLVZQ6APJEYtlnCGQgn4cCgYsqw==",
      "os": ["linux"],
      "cpu": ["x64"]
    },
    "sass-embedded-win32-arm64@1.89.1": {
      "integrity": "sha512-Lk6dYA18RasZxQhShT91G7Z2o7+F9necTNJ951a5AICsSJpTbg3tTnAGB7Rvd6xB5reQSZoXfB/zXKEKwtzaow==",
      "os": ["win32"],
      "cpu": ["arm64"]
    },
    "sass-embedded-win32-x64@1.89.1": {
      "integrity": "sha512-YlvzrzFPHd4GKa04jMfP0t2DGJHPTm7zN4GEYtaOFqeS6BoEAUY5kBNYFy7zhwKesN3kGyU/D9rz1MfLRgGv0g==",
      "os": ["win32"],
      "cpu": ["x64"]
    },
    "sass-embedded@1.89.1": {
      "integrity": "sha512-alvGGlyYdkSXYKOfS/TTxUD0993EYOe3adIPtwCWEg037qe183p2dkYnbaRsCLJFKt+QoyRzhsrbCsK7sbR6MA==",
      "dependencies": [
        "@bufbuild/protobuf",
        "buffer-builder",
        "colorjs.io",
        "immutable",
        "rxjs",
        "supports-color",
        "sync-child-process",
        "varint"
      ],
      "optionalDependencies": [
        "sass-embedded-android-arm",
        "sass-embedded-android-arm64",
        "sass-embedded-android-riscv64",
        "sass-embedded-android-x64",
        "sass-embedded-darwin-arm64",
        "sass-embedded-darwin-x64",
        "sass-embedded-linux-arm",
        "sass-embedded-linux-arm64",
        "sass-embedded-linux-musl-arm",
        "sass-embedded-linux-musl-arm64",
        "sass-embedded-linux-musl-riscv64",
        "sass-embedded-linux-musl-x64",
        "sass-embedded-linux-riscv64",
        "sass-embedded-linux-x64",
        "sass-embedded-win32-arm64",
        "sass-embedded-win32-x64"
      ],
      "bin": true
    },
    "source-map@0.6.1": {
      "integrity": "sha512-UjgapumWlbMhkBgzT7Ykc5YXUT46F0iKu8SGXq0bcwP5dz/h0Plj6enJqjz1Zbq2l5WaqYnrVbwWOWMyF3F47g=="
    },
    "supports-color@8.1.1": {
      "integrity": "sha512-MpUEN2OodtUzxvKQl72cUF7RQ5EiHsGvSsVG0ia9c5RbWGL2CI4C7EpPS8UTBIplnlzZiNuV56w+FuNxy3ty2Q==",
      "dependencies": [
        "has-flag"
      ]
    },
    "sync-child-process@1.0.2": {
      "integrity": "sha512-8lD+t2KrrScJ/7KXCSyfhT3/hRq78rC0wBFqNJXv3mZyn6hW2ypM05JmlSvtqRbeq6jqA94oHbxAr2vYsJ8vDA==",
      "dependencies": [
        "sync-message-port"
      ]
    },
    "sync-message-port@1.1.3": {
      "integrity": "sha512-GTt8rSKje5FilG+wEdfCkOcLL7LWqpMlr2c3LRuKt/YXxcJ52aGSbGBAdI4L3aaqfrBt6y711El53ItyH1NWzg=="
    },
    "tslib@2.8.1": {
      "integrity": "sha512-oJFu94HQb+KVduSUQL7wnpmqnfmLsOA/nAh6b6EH0wCEoK0/mPeXU6c3wKDV83MkOuHPRHtSXKKU99IBazS/2w=="
    },
    "typescript@5.8.3": {
      "integrity": "sha512-p1diW6TqL9L07nNxvRMM7hMMw4c5XOo/1ibL4aAIGmSAt9slTE1Xgw5KWuof2uTOvCg9BY7ZRi+GaF+7sfgPeQ==",
      "bin": true
    },
    "uglify-js@3.19.3": {
      "integrity": "sha512-v3Xu+yuwBXisp6QYTcH4UbH+xYJXqnq2m/LtQVWKWzYc1iehYnLixoQDN9FH6/j9/oybfd6W9Ghwkl8+UMKTKQ==",
      "bin": true
    },
    "undici-types@6.21.0": {
      "integrity": "sha512-iwDZqg0QAGrg9Rav5H4n0M64c3mkR59cJ6wQp+7C4nI0gsmExaedaYLNO44eT4AtBBwjbTiGPMlt2Md0T9H9JQ=="
    },
    "varint@6.0.0": {
      "integrity": "sha512-cXEIW6cfr15lFv563k4GuVuW/fiwjknytD37jIOLSdSWuOI6WnO/oKwmP2FQTU2l01LP8/M5TSAJpzUaGe3uWg=="
    },
    "yaml@2.8.0": {
      "integrity": "sha512-4lLa/EcQCB0cJkyts+FpIRx5G/llPxfP6VQU5KByHEhLxY3IJCH0f0Hy1MHI8sClTvsIb8qwRJ6R/ZdlDJ/leQ==",
      "bin": true
    },
    "zod@3.25.43": {
      "integrity": "sha512-KrQFEkfox9WLfYCOksqEWjf97QdgSC1YJSqxJxnWz0l+BW8mN2PQ+yjshL8RC7RC5p5YOlUCLyTDNaf++QbPtA=="
    }
  },
  "workspace": {
    "dependencies": [
      "jsr:@dklab/oak-routing-ctrl@~0.15.1",
      "jsr:@oak/oak@^17.1.4",
      "jsr:@std/assert@^1.0.13",
      "jsr:@std/log@~0.224.14",
      "jsr:@std/path@^1.1.0",
      "jsr:@std/testing@^1.0.13",
      "npm:@swc/core@^1.11.29",
      "npm:clean-css@^5.3.3",
      "npm:htm@^3.1.1",
      "npm:preact-iso@^2.9.1",
      "npm:preact-render-to-string@^6.5.13",
      "npm:preact@10.26.5",
      "npm:sass-embedded@^1.89.1",
      "npm:typescript@^5.8.3",
      "npm:uglify-js@^3.19.3"
    ]
  }
}
